# THIS IS AN AUTOGENERATED FILE. DO NOT EDIT THIS FILE DIRECTLY.
# yarn lockfile v1


"@dprint/darwin-arm64@0.45.1":
  version "0.45.1"
  resolved "https://registry.yarnpkg.com/@dprint/darwin-arm64/-/darwin-arm64-0.45.1.tgz#3c989b5fd7122a61f20ec95db1a3e6f020634a90"
  integrity sha512-pH0/uKLJ5SJPoHhOwLWFMhCmL0BY3FzWQbull8OGMK/FRkIPgOl2adZSovtUZpUMGWyDOzIWH1fW9X2DuMhnEg==

"@dprint/darwin-x64@0.45.1":
  version "0.45.1"
  resolved "https://registry.yarnpkg.com/@dprint/darwin-x64/-/darwin-x64-0.45.1.tgz#f024fa56804ecdb7b52e31e698b95c5f8fc9e8d1"
  integrity sha512-YUj421LmBLDlxpIER3pORKfQmpmXD50n5mClHjpZrnl17WTiHtQ+jHvDJdJoxH2eS66W0mQyxLoGo5SfFfiM7A==

"@dprint/linux-arm64-glibc@0.45.1":
  version "0.45.1"
  resolved "https://registry.yarnpkg.com/@dprint/linux-arm64-glibc/-/linux-arm64-glibc-0.45.1.tgz#e31be90fd8483f8b79c0a7081c7befb167c5865e"
  integrity sha512-lJ7s/pOQWRJ0mstjZQnVyX2/3QRXZ9cpFHJDZ7e81Y8QSn/iqxTrnK0DPgxUrDG8hYKQmWQdQLU4sP5DKBz0Jg==

"@dprint/linux-arm64-musl@0.45.1":
  version "0.45.1"
  resolved "https://registry.yarnpkg.com/@dprint/linux-arm64-musl/-/linux-arm64-musl-0.45.1.tgz#ff5ad5ce0d55d8ff35139992f283765326a0bc2b"
  integrity sha512-un2awe1L1sAJLsCPSEUrE0/cgupdzbYFoyBOutyU1zHR9KQn47AtIDw+chvuinU4xleHDuEGyXGuJ6NE+Ky6vw==

"@dprint/linux-x64-glibc@0.45.1":
  version "0.45.1"
  resolved "https://registry.yarnpkg.com/@dprint/linux-x64-glibc/-/linux-x64-glibc-0.45.1.tgz#890a1c42507746d2082778ec67d6e2873b6c7f71"
  integrity sha512-5Civht90S/g8zlyYB7n4oH78p+sLbNqeFCFuImJRK7uRxZwCRya7lji6RwlB6DQ7qngVqovTHj9RLOYfZzfVlg==

"@dprint/linux-x64-musl@0.45.1":
  version "0.45.1"
  resolved "https://registry.yarnpkg.com/@dprint/linux-x64-musl/-/linux-x64-musl-0.45.1.tgz#53508925c105c8392335f0b6e15c49334e631c96"
  integrity sha512-p2/gjnHDd8GRCvtey5HZO4o/He6pSmY/zpcCuIXprFW9P0vNlEj3DFhz4FPpOKXM+csrsVWWs2E0T/xr5QZtVg==

"@dprint/win32-x64@0.45.1":
  version "0.45.1"
  resolved "https://registry.yarnpkg.com/@dprint/win32-x64/-/win32-x64-0.45.1.tgz#6d08308cf08e4b751efb0692ded28b57d42a365d"
  integrity sha512-2l78XM7KsW46P2Yv6uPB3fE+y92EsBlrCxi+RVQ0pbznPFdMdkLyGgaCuh683zdld14jHlaADpIQ7YchGAEMAg==

dprint@^0.45.0:
  version "0.45.1"
  resolved "https://registry.yarnpkg.com/dprint/-/dprint-0.45.1.tgz#3cab696fb0eb0f95d975eb534832f2d998aa8819"
  integrity sha512-OYefcDgxd6jSdig/Cfkw1vdvyiOIRruCPnqGBbXpc95buDt9kvwL+Lic1OHc+SaQSsQub0BUZMd5+TNgy8Sh3A==
  optionalDependencies:
    "@dprint/darwin-arm64" "0.45.1"
    "@dprint/darwin-x64" "0.45.1"
    "@dprint/linux-arm64-glibc" "0.45.1"
    "@dprint/linux-arm64-musl" "0.45.1"
    "@dprint/linux-x64-glibc" "0.45.1"
    "@dprint/linux-x64-musl" "0.45.1"
    "@dprint/win32-x64" "0.45.1"
